
Microsoft Visual Studio Solution File, Format Version 12.00
# Visual Studio Version 16
VisualStudioVersion = 16.0.29613.14
MinimumVisualStudioVersion = 10.0.40219.1
Project("{FAE04EC0-301F-11D3-BF4B-00C04F79EFBC}") = "BlazorMetaTags", "BlazorMetaTags\BlazorMetaTags.csproj", "{950B5BF8-FE52-455D-A839-968B182EB91C}"
EndProject
Global
	GlobalSection(SolutionConfigurationPlatforms) = preSolution
		Debug|Any CPU = Debug|Any CPU
		Release|Any CPU = Release|Any CPU
	EndGlobalSection
	GlobalSection(ProjectConfigurationPlatforms) = postSolution
		{950B5BF8-FE52-455D-A839-968B182EB91C}.Debug|Any CPU.ActiveCfg = Debug|Any CPU
		{950B5BF8-FE52-455D-A839-968B182EB91C}.Debug|Any CPU.Build.0 = Debug|Any CPU
		{950B5BF8-FE52-455D-A839-968B182EB91C}.Release|Any CPU.ActiveCfg = Release|Any CPU
		{950B5BF8-FE52-455D-A839-968B182EB91C}.Release|Any CPU.Build.0 = Release|Any CPU
	EndGlobalSection
	GlobalSection(SolutionProperties) = preSolution
		HideSolutionNode = FALSE
	EndGlobalSection
	GlobalSection(ExtensibilityGlobals) = postSolution
		SolutionGuid = {4FAFA614-5AA2-4B93-8B74-2DE53F317EE3}
	EndGlobalSection
EndGlobal
